// !$*UTF8*$!
{
	archiveVersion = 1;
	classes = {
	};
	objectVersion = 46;
	objects = {

/* Begin PBXBuildFile section */
		1EBB3DF017223EF40032238C /* 9.-Bowdoin-College.png in Resources */ = {isa = PBXBuildFile; fileRef = 1EBB3DEC17223EF40032238C /* 9.-Bowdoin-College.png */; };
		1EBB3DF117223EF40032238C /* bowdoin-hubbard-hall-spring-2012.jpg in Resources */ = {isa = PBXBuildFile; fileRef = 1EBB3DED17223EF40032238C /* bowdoin-hubbard-hall-spring-2012.jpg */; };
		1EBB3DF217223EF40032238C /* winter-quad-266.jpg in Resources */ = {isa = PBXBuildFile; fileRef = 1EBB3DEE17223EF40032238C /* winter-quad-266.jpg */; };
		1EBB3DF317223EF40032238C /* Bowdoin_College_Quad_308x150.jpg in Resources */ = {isa = PBXBuildFile; fileRef = 1EBB3DEF17223EF40032238C /* Bowdoin_College_Quad_308x150.jpg */; };
		1EBB3DF9172256AD0032238C /* RosterTVC.m in Sources */ = {isa = PBXBuildFile; fileRef = 1EBB3DF8172256AD0032238C /* RosterTVC.m */; };
		1EFF35BF1725EFFA003A5A1E /* RosterCell.m in Sources */ = {isa = PBXBuildFile; fileRef = 1EFF35BE1725EFFA003A5A1E /* RosterCell.m */; };
		1EFF35C517260A33003A5A1E /* FootballRosterPictures in Resources */ = {isa = PBXBuildFile; fileRef = 1EFF35C417260A33003A5A1E /* FootballRosterPictures */; };
		CF6568D5171782B700AE84AC /* UIKit.framework in Frameworks */ = {isa = PBXBuildFile; fileRef = CF6568D4171782B700AE84AC /* UIKit.framework */; };
		CF6568D7171782B700AE84AC /* Foundation.framework in Frameworks */ = {isa = PBXBuildFile; fileRef = CF6568D6171782B700AE84AC /* Foundation.framework */; };
		CF6568D9171782B700AE84AC /* CoreGraphics.framework in Frameworks */ = {isa = PBXBuildFile; fileRef = CF6568D8171782B700AE84AC /* CoreGraphics.framework */; };
		CF6568DF171782B700AE84AC /* InfoPlist.strings in Resources */ = {isa = PBXBuildFile; fileRef = CF6568DD171782B700AE84AC /* InfoPlist.strings */; };
		CF6568E1171782B700AE84AC /* main.m in Sources */ = {isa = PBXBuildFile; fileRef = CF6568E0171782B700AE84AC /* main.m */; };
		CF6568E5171782B700AE84AC /* Pocket_RosterAppDelegate.m in Sources */ = {isa = PBXBuildFile; fileRef = CF6568E4171782B700AE84AC /* Pocket_RosterAppDelegate.m */; };
		CF6568E7171782B700AE84AC /* Default.png in Resources */ = {isa = PBXBuildFile; fileRef = CF6568E6171782B700AE84AC /* Default.png */; };
		CF6568E9171782B700AE84AC /* Default@2x.png in Resources */ = {isa = PBXBuildFile; fileRef = CF6568E8171782B700AE84AC /* Default@2x.png */; };
		CF6568EB171782B700AE84AC /* Default-568h@2x.png in Resources */ = {isa = PBXBuildFile; fileRef = CF6568EA171782B700AE84AC /* Default-568h@2x.png */; };
		CF6568EE171782B700AE84AC /* MainStoryboard.storyboard in Resources */ = {isa = PBXBuildFile; fileRef = CF6568EC171782B700AE84AC /* MainStoryboard.storyboard */; };
		CF6568F1171782B700AE84AC /* Pocket_RosterViewController.m in Sources */ = {isa = PBXBuildFile; fileRef = CF6568F0171782B700AE84AC /* Pocket_RosterViewController.m */; };
		CF6568F9171782B700AE84AC /* SenTestingKit.framework in Frameworks */ = {isa = PBXBuildFile; fileRef = CF6568F8171782B700AE84AC /* SenTestingKit.framework */; };
		CF6568FA171782B700AE84AC /* UIKit.framework in Frameworks */ = {isa = PBXBuildFile; fileRef = CF6568D4171782B700AE84AC /* UIKit.framework */; };
		CF6568FB171782B700AE84AC /* Foundation.framework in Frameworks */ = {isa = PBXBuildFile; fileRef = CF6568D6171782B700AE84AC /* Foundation.framework */; };
		CF656903171782B700AE84AC /* InfoPlist.strings in Resources */ = {isa = PBXBuildFile; fileRef = CF656901171782B700AE84AC /* InfoPlist.strings */; };
		CF656906171782B700AE84AC /* Pocket_RosterTests.m in Sources */ = {isa = PBXBuildFile; fileRef = CF656905171782B700AE84AC /* Pocket_RosterTests.m */; };
		CF6569161717863100AE84AC /* FlickrPhotoTableViewController.m in Sources */ = {isa = PBXBuildFile; fileRef = CF6569141717863100AE84AC /* FlickrPhotoTableViewController.m */; };
		CF65691A1717870700AE84AC /* LatestFlickrPhotosTVC.m in Sources */ = {isa = PBXBuildFile; fileRef = CF6569191717870700AE84AC /* LatestFlickrPhotosTVC.m */; };
		CF65691D171787DF00AE84AC /* AppDelegate.m in Sources */ = {isa = PBXBuildFile; fileRef = CF65691C171787DF00AE84AC /* AppDelegate.m */; };
		CF656920171795E800AE84AC /* ImageViewController.m in Sources */ = {isa = PBXBuildFile; fileRef = CF65691F171795E800AE84AC /* ImageViewController.m */; };
		CF6569231717968500AE84AC /* AttributedStringViewController.m in Sources */ = {isa = PBXBuildFile; fileRef = CF6569221717968500AE84AC /* AttributedStringViewController.m */; };
		CF65692A17179C1F00AE84AC /* BowdoinButton.jpm.png in Resources */ = {isa = PBXBuildFile; fileRef = CF65692917179C1F00AE84AC /* BowdoinButton.jpm.png */; };
		CF65692C17179F9800AE84AC /* SwimmingCover.jpg in Resources */ = {isa = PBXBuildFile; fileRef = CF65692B17179F9800AE84AC /* SwimmingCover.jpg */; };
		CF65692E1717ABD700AE84AC /* SwimLogo.jpg in Resources */ = {isa = PBXBuildFile; fileRef = CF65692D1717ABD700AE84AC /* SwimLogo.jpg */; };
		CF6569321717BA1B00AE84AC /* FootballLogo.png in Resources */ = {isa = PBXBuildFile; fileRef = CF6569311717BA1B00AE84AC /* FootballLogo.png */; };
		CF833B19171E14110011DED3 /* iPad.storyboard in Resources */ = {isa = PBXBuildFile; fileRef = CF833B18171E14110011DED3 /* iPad.storyboard */; };
		CF833B1D171E14430011DED3 /* FlickrFetcher.m in Sources */ = {isa = PBXBuildFile; fileRef = CF833B1C171E14420011DED3 /* FlickrFetcher.m */; };
		CF833B28171ED4080011DED3 /* RosterViewController.m in Sources */ = {isa = PBXBuildFile; fileRef = CF833B27171ED4080011DED3 /* RosterViewController.m */; };
		CF833B391720C0E40011DED3 /* BowdoinSwimming.jpg in Resources */ = {isa = PBXBuildFile; fileRef = CF833B381720C0E40011DED3 /* BowdoinSwimming.jpg */; };
		CF833B3A1720C0E40011DED3 /* BowdoinSwimming.jpg in Resources */ = {isa = PBXBuildFile; fileRef = CF833B381720C0E40011DED3 /* BowdoinSwimming.jpg */; };
		CF833B3D1720C38A0011DED3 /* BowdoinFootball.jpg in Resources */ = {isa = PBXBuildFile; fileRef = CF833B3C1720C38A0011DED3 /* BowdoinFootball.jpg */; };
		CF833B3E1720C38A0011DED3 /* BowdoinFootball.jpg in Resources */ = {isa = PBXBuildFile; fileRef = CF833B3C1720C38A0011DED3 /* BowdoinFootball.jpg */; };
		CF833B401720C73E0011DED3 /* BowdoinSoccer.jpg in Resources */ = {isa = PBXBuildFile; fileRef = CF833B3F1720C73D0011DED3 /* BowdoinSoccer.jpg */; };
		CF833B411720C73E0011DED3 /* BowdoinSoccer.jpg in Resources */ = {isa = PBXBuildFile; fileRef = CF833B3F1720C73D0011DED3 /* BowdoinSoccer.jpg */; };
		CF833B431720C8410011DED3 /* Bowdoin Basketball.jpg in Resources */ = {isa = PBXBuildFile; fileRef = CF833B421720C8410011DED3 /* Bowdoin Basketball.jpg */; };
		CF833B441720C8410011DED3 /* Bowdoin Basketball.jpg in Resources */ = {isa = PBXBuildFile; fileRef = CF833B421720C8410011DED3 /* Bowdoin Basketball.jpg */; };
		CF833B491720C9AC0011DED3 /* BowdoinHockey.png in Resources */ = {isa = PBXBuildFile; fileRef = CF833B481720C9AC0011DED3 /* BowdoinHockey.png */; };
		CF833B4A1720C9AC0011DED3 /* BowdoinHockey.png in Resources */ = {isa = PBXBuildFile; fileRef = CF833B481720C9AC0011DED3 /* BowdoinHockey.png */; };
		CF833B4C1720C9FF0011DED3 /* BowdoinLacrose.png in Resources */ = {isa = PBXBuildFile; fileRef = CF833B4B1720C9FF0011DED3 /* BowdoinLacrose.png */; };
		CF833B4D1720C9FF0011DED3 /* BowdoinLacrose.png in Resources */ = {isa = PBXBuildFile; fileRef = CF833B4B1720C9FF0011DED3 /* BowdoinLacrose.png */; };
		CF833B4F1720CAA80011DED3 /* BowdoinTrack.png in Resources */ = {isa = PBXBuildFile; fileRef = CF833B4E1720CAA80011DED3 /* BowdoinTrack.png */; };
		CF833B501720CAA80011DED3 /* BowdoinTrack.png in Resources */ = {isa = PBXBuildFile; fileRef = CF833B4E1720CAA80011DED3 /* BowdoinTrack.png */; };
		CF833B521720CAAD0011DED3 /* BowdoinBaseball.png in Resources */ = {isa = PBXBuildFile; fileRef = CF833B511720CAAD0011DED3 /* BowdoinBaseball.png */; };
		CF833B531720CAAD0011DED3 /* BowdoinBaseball.png in Resources */ = {isa = PBXBuildFile; fileRef = CF833B511720CAAD0011DED3 /* BowdoinBaseball.png */; };
		CF833B581720CBF50011DED3 /* Bowdoin Basketball 2.jpg in Resources */ = {isa = PBXBuildFile; fileRef = CF833B541720CBF50011DED3 /* Bowdoin Basketball 2.jpg */; };
		CF833B591720CBF50011DED3 /* Bowdoin Basketball 2.jpg in Resources */ = {isa = PBXBuildFile; fileRef = CF833B541720CBF50011DED3 /* Bowdoin Basketball 2.jpg */; };
		CF833B5A1720CBF50011DED3 /* BowdoinCrossCountry 2.jpg in Resources */ = {isa = PBXBuildFile; fileRef = CF833B551720CBF50011DED3 /* BowdoinCrossCountry 2.jpg */; };
		CF833B5B1720CBF50011DED3 /* BowdoinCrossCountry 2.jpg in Resources */ = {isa = PBXBuildFile; fileRef = CF833B551720CBF50011DED3 /* BowdoinCrossCountry 2.jpg */; };
		CF833B5C1720CBF50011DED3 /* BowdoinSoccer 2.jpg in Resources */ = {isa = PBXBuildFile; fileRef = CF833B561720CBF50011DED3 /* BowdoinSoccer 2.jpg */; };
		CF833B5D1720CBF50011DED3 /* BowdoinSoccer 2.jpg in Resources */ = {isa = PBXBuildFile; fileRef = CF833B561720CBF50011DED3 /* BowdoinSoccer 2.jpg */; };
		CF833B5E1720CBF50011DED3 /* BowdoinTrack 2.png in Resources */ = {isa = PBXBuildFile; fileRef = CF833B571720CBF50011DED3 /* BowdoinTrack 2.png */; };
		CF833B5F1720CBF50011DED3 /* BowdoinTrack 2.png in Resources */ = {isa = PBXBuildFile; fileRef = CF833B571720CBF50011DED3 /* BowdoinTrack 2.png */; };
		CF833B611720D19C0011DED3 /* BowdoinBearPhoto.jpg in Resources */ = {isa = PBXBuildFile; fileRef = CF833B601720D19C0011DED3 /* BowdoinBearPhoto.jpg */; };
		CF833B621720D19C0011DED3 /* BowdoinBearPhoto.jpg in Resources */ = {isa = PBXBuildFile; fileRef = CF833B601720D19C0011DED3 /* BowdoinBearPhoto.jpg */; };
		CF833B681720E2120011DED3 /* Lloyd Anderson.jpg in Resources */ = {isa = PBXBuildFile; fileRef = CF833B631720E2120011DED3 /* Lloyd Anderson.jpg */; };
		CF833B691720E2120011DED3 /* Lloyd Anderson.jpg in Resources */ = {isa = PBXBuildFile; fileRef = CF833B631720E2120011DED3 /* Lloyd Anderson.jpg */; };
		CF833B6A1720E2120011DED3 /* EliBass.jpg in Resources */ = {isa = PBXBuildFile; fileRef = CF833B641720E2120011DED3 /* EliBass.jpg */; };
		CF833B6B1720E2120011DED3 /* EliBass.jpg in Resources */ = {isa = PBXBuildFile; fileRef = CF833B641720E2120011DED3 /* EliBass.jpg */; };
		CF833B6C1720E2120011DED3 /* HenryBrockway.jpg in Resources */ = {isa = PBXBuildFile; fileRef = CF833B651720E2120011DED3 /* HenryBrockway.jpg */; };
		CF833B6D1720E2120011DED3 /* HenryBrockway.jpg in Resources */ = {isa = PBXBuildFile; fileRef = CF833B651720E2120011DED3 /* HenryBrockway.jpg */; };
		CF833B6E1720E2120011DED3 /* LyleAnderson.jpg in Resources */ = {isa = PBXBuildFile; fileRef = CF833B661720E2120011DED3 /* LyleAnderson.jpg */; };
		CF833B6F1720E2120011DED3 /* LyleAnderson.jpg in Resources */ = {isa = PBXBuildFile; fileRef = CF833B661720E2120011DED3 /* LyleAnderson.jpg */; };
		CF833B701720E2120011DED3 /* JoeClestin.jpg in Resources */ = {isa = PBXBuildFile; fileRef = CF833B671720E2120011DED3 /* JoeClestin.jpg */; };
		CF833B711720E2120011DED3 /* JoeClestin.jpg in Resources */ = {isa = PBXBuildFile; fileRef = CF833B671720E2120011DED3 /* JoeClestin.jpg */; };
		CF833B791720E8C30011DED3 /* Chris Granata.jpg in Resources */ = {isa = PBXBuildFile; fileRef = CF833B721720E8C30011DED3 /* Chris Granata.jpg */; };
		CF833B7A1720E8C30011DED3 /* Chris Granata.jpg in Resources */ = {isa = PBXBuildFile; fileRef = CF833B721720E8C30011DED3 /* Chris Granata.jpg */; };
		CF833B7B1720E8C30011DED3 /* Edwards Googins.jpg in Resources */ = {isa = PBXBuildFile; fileRef = CF833B731720E8C30011DED3 /* Edwards Googins.jpg */; };
		CF833B7C1720E8C30011DED3 /* Edwards Googins.jpg in Resources */ = {isa = PBXBuildFile; fileRef = CF833B731720E8C30011DED3 /* Edwards Googins.jpg */; };
		CF833B7D1720E8C30011DED3 /* Mark Fernandez.jpg in Resources */ = {isa = PBXBuildFile; fileRef = CF833B741720E8C30011DED3 /* Mark Fernandez.jpg */; };
		CF833B7E1720E8C30011DED3 /* Mark Fernandez.jpg in Resources */ = {isa = PBXBuildFile; fileRef = CF833B741720E8C30011DED3 /* Mark Fernandez.jpg */; };
		CF833B7F1720E8C30011DED3 /* JR Chansakul.jpg in Resources */ = {isa = PBXBuildFile; fileRef = CF833B751720E8C30011DED3 /* JR Chansakul.jpg */; };
		CF833B801720E8C30011DED3 /* JR Chansakul.jpg in Resources */ = {isa = PBXBuildFile; fileRef = CF833B751720E8C30011DED3 /* JR Chansakul.jpg */; };
		CF833B811720E8C30011DED3 /* AlexanderEdison.jpg in Resources */ = {isa = PBXBuildFile; fileRef = CF833B761720E8C30011DED3 /* AlexanderEdison.jpg */; };
		CF833B821720E8C30011DED3 /* AlexanderEdison.jpg in Resources */ = {isa = PBXBuildFile; fileRef = CF833B761720E8C30011DED3 /* AlexanderEdison.jpg */; };
		CF833B831720E8C30011DED3 /* Peter Deardorff.jpg in Resources */ = {isa = PBXBuildFile; fileRef = CF833B771720E8C30011DED3 /* Peter Deardorff.jpg */; };
		CF833B841720E8C30011DED3 /* Peter Deardorff.jpg in Resources */ = {isa = PBXBuildFile; fileRef = CF833B771720E8C30011DED3 /* Peter Deardorff.jpg */; };
		CF833B851720E8C30011DED3 /* Fred Elias.jpg in Resources */ = {isa = PBXBuildFile; fileRef = CF833B781720E8C30011DED3 /* Fred Elias.jpg */; };
		CF833B861720E8C30011DED3 /* Fred Elias.jpg in Resources */ = {isa = PBXBuildFile; fileRef = CF833B781720E8C30011DED3 /* Fred Elias.jpg */; };
		CF833B951720EBF80011DED3 /* Alexander Tougas.jpg in Resources */ = {isa = PBXBuildFile; fileRef = CF833B871720EBF80011DED3 /* Alexander Tougas.jpg */; };
		CF833B961720EBF80011DED3 /* Alexander Tougas.jpg in Resources */ = {isa = PBXBuildFile; fileRef = CF833B871720EBF80011DED3 /* Alexander Tougas.jpg */; };
		CF833B971720EBF80011DED3 /* Kevin Koh.jpg in Resources */ = {isa = PBXBuildFile; fileRef = CF833B881720EBF80011DED3 /* Kevin Koh.jpg */; };
		CF833B981720EBF80011DED3 /* Kevin Koh.jpg in Resources */ = {isa = PBXBuildFile; fileRef = CF833B881720EBF80011DED3 /* Kevin Koh.jpg */; };
		CF833B991720EBF80011DED3 /* Thomas Kramer.jpg in Resources */ = {isa = PBXBuildFile; fileRef = CF833B891720EBF80011DED3 /* Thomas Kramer.jpg */; };
		CF833B9A1720EBF80011DED3 /* Thomas Kramer.jpg in Resources */ = {isa = PBXBuildFile; fileRef = CF833B891720EBF80011DED3 /* Thomas Kramer.jpg */; };
		CF833B9B1720EBF80011DED3 /* Andrew Park.jpg in Resources */ = {isa = PBXBuildFile; fileRef = CF833B8A1720EBF80011DED3 /* Andrew Park.jpg */; };
		CF833B9C1720EBF80011DED3 /* Andrew Park.jpg in Resources */ = {isa = PBXBuildFile; fileRef = CF833B8A1720EBF80011DED3 /* Andrew Park.jpg */; };
		CF833B9D1720EBF80011DED3 /* Karl Reinhardt.jpg in Resources */ = {isa = PBXBuildFile; fileRef = CF833B8B1720EBF80011DED3 /* Karl Reinhardt.jpg */; };
		CF833B9E1720EBF80011DED3 /* Karl Reinhardt.jpg in Resources */ = {isa = PBXBuildFile; fileRef = CF833B8B1720EBF80011DED3 /* Karl Reinhardt.jpg */; };
		CF833B9F1720EBF80011DED3 /* Linc Rhodes.jpg in Resources */ = {isa = PBXBuildFile; fileRef = CF833B8C1720EBF80011DED3 /* Linc Rhodes.jpg */; };
		CF833BA01720EBF80011DED3 /* Linc Rhodes.jpg in Resources */ = {isa = PBXBuildFile; fileRef = CF833B8C1720EBF80011DED3 /* Linc Rhodes.jpg */; };
		CF833BA11720EBF80011DED3 /* Ryan Kulesza.jpg in Resources */ = {isa = PBXBuildFile; fileRef = CF833B8D1720EBF80011DED3 /* Ryan Kulesza.jpg */; };
		CF833BA21720EBF80011DED3 /* Ryan Kulesza.jpg in Resources */ = {isa = PBXBuildFile; fileRef = CF833B8D1720EBF80011DED3 /* Ryan Kulesza.jpg */; };
		CF833BA31720EBF80011DED3 /* Ryan Peabody.jpg in Resources */ = {isa = PBXBuildFile; fileRef = CF833B8E1720EBF80011DED3 /* Ryan Peabody.jpg */; };
		CF833BA41720EBF80011DED3 /* Ryan Peabody.jpg in Resources */ = {isa = PBXBuildFile; fileRef = CF833B8E1720EBF80011DED3 /* Ryan Peabody.jpg */; };
		CF833BA51720EBF80011DED3 /* Basyl Stuyvesant.jpg in Resources */ = {isa = PBXBuildFile; fileRef = CF833B8F1720EBF80011DED3 /* Basyl Stuyvesant.jpg */; };
		CF833BA61720EBF80011DED3 /* Basyl Stuyvesant.jpg in Resources */ = {isa = PBXBuildFile; fileRef = CF833B8F1720EBF80011DED3 /* Basyl Stuyvesant.jpg */; };
		CF833BA71720EBF80011DED3 /* Colin Kennedy.jpg in Resources */ = {isa = PBXBuildFile; fileRef = CF833B901720EBF80011DED3 /* Colin Kennedy.jpg */; };
		CF833BA81720EBF80011DED3 /* Colin Kennedy.jpg in Resources */ = {isa = PBXBuildFile; fileRef = CF833B901720EBF80011DED3 /* Colin Kennedy.jpg */; };
		CF833BA91720EBF80011DED3 /* Omar Sohail.jpg in Resources */ = {isa = PBXBuildFile; fileRef = CF833B911720EBF80011DED3 /* Omar Sohail.jpg */; };
		CF833BAA1720EBF80011DED3 /* Omar Sohail.jpg in Resources */ = {isa = PBXBuildFile; fileRef = CF833B911720EBF80011DED3 /* Omar Sohail.jpg */; };
		CF833BAB1720EBF80011DED3 /* Hugo Tran.jpg in Resources */ = {isa = PBXBuildFile; fileRef = CF833B921720EBF80011DED3 /* Hugo Tran.jpg */; };
		CF833BAC1720EBF80011DED3 /* Hugo Tran.jpg in Resources */ = {isa = PBXBuildFile; fileRef = CF833B921720EBF80011DED3 /* Hugo Tran.jpg */; };
		CF833BAD1720EBF80011DED3 /* William Shi.jpg in Resources */ = {isa = PBXBuildFile; fileRef = CF833B931720EBF80011DED3 /* William Shi.jpg */; };
		CF833BAE1720EBF80011DED3 /* William Shi.jpg in Resources */ = {isa = PBXBuildFile; fileRef = CF833B931720EBF80011DED3 /* William Shi.jpg */; };
		CF833BAF1720EBF80011DED3 /* John Lagasse.jpg in Resources */ = {isa = PBXBuildFile; fileRef = CF833B941720EBF80011DED3 /* John Lagasse.jpg */; };
		CF833BB01720EBF80011DED3 /* John Lagasse.jpg in Resources */ = {isa = PBXBuildFile; fileRef = CF833B941720EBF80011DED3 /* John Lagasse.jpg */; };
		CF833BBC17217CF20011DED3 /* Katherine Carter.jpg in Resources */ = {isa = PBXBuildFile; fileRef = CF833BB117217CF20011DED3 /* Katherine Carter.jpg */; };
		CF833BBD17217CF20011DED3 /* Katherine Carter.jpg in Resources */ = {isa = PBXBuildFile; fileRef = CF833BB117217CF20011DED3 /* Katherine Carter.jpg */; };
		CF833BBE17217CF20011DED3 /* Katherine Foley.jpg in Resources */ = {isa = PBXBuildFile; fileRef = CF833BB217217CF20011DED3 /* Katherine Foley.jpg */; };
		CF833BBF17217CF20011DED3 /* Katherine Foley.jpg in Resources */ = {isa = PBXBuildFile; fileRef = CF833BB217217CF20011DED3 /* Katherine Foley.jpg */; };
		CF833BC017217CF20011DED3 /* Lela Garner.jpg in Resources */ = {isa = PBXBuildFile; fileRef = CF833BB317217CF20011DED3 /* Lela Garner.jpg */; };
		CF833BC117217CF20011DED3 /* Lela Garner.jpg in Resources */ = {isa = PBXBuildFile; fileRef = CF833BB317217CF20011DED3 /* Lela Garner.jpg */; };
		CF833BC217217CF20011DED3 /* Megan Chong.jpg in Resources */ = {isa = PBXBuildFile; fileRef = CF833BB417217CF20011DED3 /* Megan Chong.jpg */; };
		CF833BC317217CF20011DED3 /* Megan Chong.jpg in Resources */ = {isa = PBXBuildFile; fileRef = CF833BB417217CF20011DED3 /* Megan Chong.jpg */; };
		CF833BC417217CF20011DED3 /* Patty Boyer.jpg in Resources */ = {isa = PBXBuildFile; fileRef = CF833BB517217CF20011DED3 /* Patty Boyer.jpg */; };
		CF833BC517217CF20011DED3 /* Patty Boyer.jpg in Resources */ = {isa = PBXBuildFile; fileRef = CF833BB517217CF20011DED3 /* Patty Boyer.jpg */; };
		CF833BC617217CF20011DED3 /* Teri Faller.jpg in Resources */ = {isa = PBXBuildFile; fileRef = CF833BB617217CF20011DED3 /* Teri Faller.jpg */; };
		CF833BC717217CF20011DED3 /* Teri Faller.jpg in Resources */ = {isa = PBXBuildFile; fileRef = CF833BB617217CF20011DED3 /* Teri Faller.jpg */; };
		CF833BC817217CF20011DED3 /* Kelsey Goodwin.jpg in Resources */ = {isa = PBXBuildFile; fileRef = CF833BB717217CF20011DED3 /* Kelsey Goodwin.jpg */; };
		CF833BC917217CF20011DED3 /* Kelsey Goodwin.jpg in Resources */ = {isa = PBXBuildFile; fileRef = CF833BB717217CF20011DED3 /* Kelsey Goodwin.jpg */; };
		CF833BCA17217CF20011DED3 /* Sarah Hirschfeld.jpg in Resources */ = {isa = PBXBuildFile; fileRef = CF833BB817217CF20011DED3 /* Sarah Hirschfeld.jpg */; };
		CF833BCB17217CF20011DED3 /* Sarah Hirschfeld.jpg in Resources */ = {isa = PBXBuildFile; fileRef = CF833BB817217CF20011DED3 /* Sarah Hirschfeld.jpg */; };
		CF833BCC17217CF20011DED3 /* Bridget Killian.jpg in Resources */ = {isa = PBXBuildFile; fileRef = CF833BB917217CF20011DED3 /* Bridget Killian.jpg */; };
		CF833BCD17217CF20011DED3 /* Bridget Killian.jpg in Resources */ = {isa = PBXBuildFile; fileRef = CF833BB917217CF20011DED3 /* Bridget Killian.jpg */; };
		CF833BCE17217CF20011DED3 /* Caitlin Hutchinson Maddox.jpg in Resources */ = {isa = PBXBuildFile; fileRef = CF833BBA17217CF20011DED3 /* Caitlin Hutchinson Maddox.jpg */; };
		CF833BCF17217CF20011DED3 /* Caitlin Hutchinson Maddox.jpg in Resources */ = {isa = PBXBuildFile; fileRef = CF833BBA17217CF20011DED3 /* Caitlin Hutchinson Maddox.jpg */; };
		CF833BD017217CF20011DED3 /* Tricia Hartley.jpg in Resources */ = {isa = PBXBuildFile; fileRef = CF833BBB17217CF20011DED3 /* Tricia Hartley.jpg */; };
		CF833BD117217CF20011DED3 /* Tricia Hartley.jpg in Resources */ = {isa = PBXBuildFile; fileRef = CF833BBB17217CF20011DED3 /* Tricia Hartley.jpg */; };
		CF833BDF1721821B0011DED3 /* Kaley Kokomoor.jpg in Resources */ = {isa = PBXBuildFile; fileRef = CF833BD21721821B0011DED3 /* Kaley Kokomoor.jpg */; };
		CF833BE01721821B0011DED3 /* Kaley Kokomoor.jpg in Resources */ = {isa = PBXBuildFile; fileRef = CF833BD21721821B0011DED3 /* Kaley Kokomoor.jpg */; };
		CF833BE11721821B0011DED3 /* Helen Newton.jpg in Resources */ = {isa = PBXBuildFile; fileRef = CF833BD31721821B0011DED3 /* Helen Newton.jpg */; };
		CF833BE21721821B0011DED3 /* Helen Newton.jpg in Resources */ = {isa = PBXBuildFile; fileRef = CF833BD31721821B0011DED3 /* Helen Newton.jpg */; };
		CF833BE31721821B0011DED3 /* Maeve O'Leary.jpg in Resources */ = {isa = PBXBuildFile; fileRef = CF833BD41721821B0011DED3 /* Maeve O'Leary.jpg */; };
		CF833BE41721821B0011DED3 /* Maeve O'Leary.jpg in Resources */ = {isa = PBXBuildFile; fileRef = CF833BD41721821B0011DED3 /* Maeve O'Leary.jpg */; };
		CF833BE51721821B0011DED3 /* Sasha Kramer.jpg in Resources */ = {isa = PBXBuildFile; fileRef = CF833BD51721821B0011DED3 /* Sasha Kramer.jpg */; };
		CF833BE61721821B0011DED3 /* Sasha Kramer.jpg in Resources */ = {isa = PBXBuildFile; fileRef = CF833BD51721821B0011DED3 /* Sasha Kramer.jpg */; };
		CF833BE71721821B0011DED3 /* Serena Taj.jpg in Resources */ = {isa = PBXBuildFile; fileRef = CF833BD61721821B0011DED3 /* Serena Taj.jpg */; };
		CF833BE81721821B0011DED3 /* Serena Taj.jpg in Resources */ = {isa = PBXBuildFile; fileRef = CF833BD61721821B0011DED3 /* Serena Taj.jpg */; };
		CF833BE91721821B0011DED3 /* Mariah Reading.jpg in Resources */ = {isa = PBXBuildFile; fileRef = CF833BD71721821B0011DED3 /* Mariah Reading.jpg */; };
		CF833BEA1721821B0011DED3 /* Mariah Reading.jpg in Resources */ = {isa = PBXBuildFile; fileRef = CF833BD71721821B0011DED3 /* Mariah Reading.jpg */; };
		CF833BEB1721821B0011DED3 /* Olivia Pfeifer.jpg in Resources */ = {isa = PBXBuildFile; fileRef = CF833BD81721821B0011DED3 /* Olivia Pfeifer.jpg */; };
		CF833BEC1721821B0011DED3 /* Olivia Pfeifer.jpg in Resources */ = {isa = PBXBuildFile; fileRef = CF833BD81721821B0011DED3 /* Olivia Pfeifer.jpg */; };
		CF833BED1721821B0011DED3 /* Sue Sim.jpg in Resources */ = {isa = PBXBuildFile; fileRef = CF833BD91721821B0011DED3 /* Sue Sim.jpg */; };
		CF833BEE1721821B0011DED3 /* Sue Sim.jpg in Resources */ = {isa = PBXBuildFile; fileRef = CF833BD91721821B0011DED3 /* Sue Sim.jpg */; };
		CF833BEF1721821B0011DED3 /* Caroline Moore.jpg in Resources */ = {isa = PBXBuildFile; fileRef = CF833BDA1721821B0011DED3 /* Caroline Moore.jpg */; };
		CF833BF01721821B0011DED3 /* Caroline Moore.jpg in Resources */ = {isa = PBXBuildFile; fileRef = CF833BDA1721821B0011DED3 /* Caroline Moore.jpg */; };
		CF833BF11721821B0011DED3 /* Christine Rholl.jpg in Resources */ = {isa = PBXBuildFile; fileRef = CF833BDB1721821B0011DED3 /* Christine Rholl.jpg */; };
		CF833BF21721821B0011DED3 /* Christine Rholl.jpg in Resources */ = {isa = PBXBuildFile; fileRef = CF833BDB1721821B0011DED3 /* Christine Rholl.jpg */; };
		CF833BF31721821B0011DED3 /* Laurel Varnell.jpg in Resources */ = {isa = PBXBuildFile; fileRef = CF833BDC1721821B0011DED3 /* Laurel Varnell.jpg */; };
		CF833BF41721821B0011DED3 /* Laurel Varnell.jpg in Resources */ = {isa = PBXBuildFile; fileRef = CF833BDC1721821B0011DED3 /* Laurel Varnell.jpg */; };
		CF833BF51721821B0011DED3 /* Sonia Manssen.jpg in Resources */ = {isa = PBXBuildFile; fileRef = CF833BDD1721821B0011DED3 /* Sonia Manssen.jpg */; };
		CF833BF61721821B0011DED3 /* Sonia Manssen.jpg in Resources */ = {isa = PBXBuildFile; fileRef = CF833BDD1721821B0011DED3 /* Sonia Manssen.jpg */; };
		CF833BF71721821B0011DED3 /* Sage Mikami.jpg in Resources */ = {isa = PBXBuildFile; fileRef = CF833BDE1721821B0011DED3 /* Sage Mikami.jpg */; };
		CF833BF81721821B0011DED3 /* Sage Mikami.jpg in Resources */ = {isa = PBXBuildFile; fileRef = CF833BDE1721821B0011DED3 /* Sage Mikami.jpg */; };
/* End PBXBuildFile section */

/* Begin PBXContainerItemProxy section */
		CF6568FC171782B700AE84AC /* PBXContainerItemProxy */ = {
			isa = PBXContainerItemProxy;
			containerPortal = CF6568C7171782B700AE84AC /* Project object */;
			proxyType = 1;
			remoteGlobalIDString = CF6568CF171782B700AE84AC;
			remoteInfo = "Pocket Roster";
		};
/* End PBXContainerItemProxy section */

/* Begin PBXFileReference section */
		1EBB3DEC17223EF40032238C /* 9.-Bowdoin-College.png */ = {isa = PBXFileReference; lastKnownFileType = image.png; path = "9.-Bowdoin-College.png"; sourceTree = "<group>"; };
		1EBB3DED17223EF40032238C /* bowdoin-hubbard-hall-spring-2012.jpg */ = {isa = PBXFileReference; lastKnownFileType = image.jpeg; path = "bowdoin-hubbard-hall-spring-2012.jpg"; sourceTree = "<group>"; };
		1EBB3DEE17223EF40032238C /* winter-quad-266.jpg */ = {isa = PBXFileReference; lastKnownFileType = image.jpeg; path = "winter-quad-266.jpg"; sourceTree = "<group>"; };
		1EBB3DEF17223EF40032238C /* Bowdoin_College_Quad_308x150.jpg */ = {isa = PBXFileReference; lastKnownFileType = image.jpeg; path = Bowdoin_College_Quad_308x150.jpg; sourceTree = "<group>"; };
		1EBB3DF7172256AD0032238C /* RosterTVC.h */ = {isa = PBXFileReference; fileEncoding = 4; lastKnownFileType = sourcecode.c.h; name = RosterTVC.h; path = ../RosterTVC.h; sourceTree = "<group>"; };
		1EBB3DF8172256AD0032238C /* RosterTVC.m */ = {isa = PBXFileReference; fileEncoding = 4; lastKnownFileType = sourcecode.c.objc; name = RosterTVC.m; path = ../RosterTVC.m; sourceTree = "<group>"; };
		1EFF35BD1725EFFA003A5A1E /* RosterCell.h */ = {isa = PBXFileReference; fileEncoding = 4; lastKnownFileType = sourcecode.c.h; name = RosterCell.h; path = ../RosterCell.h; sourceTree = "<group>"; };
		1EFF35BE1725EFFA003A5A1E /* RosterCell.m */ = {isa = PBXFileReference; fileEncoding = 4; lastKnownFileType = sourcecode.c.objc; name = RosterCell.m; path = ../RosterCell.m; sourceTree = "<group>"; };
		1EFF35C417260A33003A5A1E /* FootballRosterPictures */ = {isa = PBXFileReference; lastKnownFileType = folder; path = FootballRosterPictures; sourceTree = "<group>"; };
		CF6568D0171782B700AE84AC /* Pocket Roster.app */ = {isa = PBXFileReference; explicitFileType = wrapper.application; includeInIndex = 0; path = "Pocket Roster.app"; sourceTree = BUILT_PRODUCTS_DIR; };
		CF6568D4171782B700AE84AC /* UIKit.framework */ = {isa = PBXFileReference; lastKnownFileType = wrapper.framework; name = UIKit.framework; path = System/Library/Frameworks/UIKit.framework; sourceTree = SDKROOT; };
		CF6568D6171782B700AE84AC /* Foundation.framework */ = {isa = PBXFileReference; lastKnownFileType = wrapper.framework; name = Foundation.framework; path = System/Library/Frameworks/Foundation.framework; sourceTree = SDKROOT; };
		CF6568D8171782B700AE84AC /* CoreGraphics.framework */ = {isa = PBXFileReference; lastKnownFileType = wrapper.framework; name = CoreGraphics.framework; path = System/Library/Frameworks/CoreGraphics.framework; sourceTree = SDKROOT; };
		CF6568DC171782B700AE84AC /* Pocket Roster-Info.plist */ = {isa = PBXFileReference; lastKnownFileType = text.plist.xml; path = "Pocket Roster-Info.plist"; sourceTree = "<group>"; };
		CF6568DE171782B700AE84AC /* en */ = {isa = PBXFileReference; lastKnownFileType = text.plist.strings; name = en; path = en.lproj/InfoPlist.strings; sourceTree = "<group>"; };
		CF6568E0171782B700AE84AC /* main.m */ = {isa = PBXFileReference; lastKnownFileType = sourcecode.c.objc; path = main.m; sourceTree = "<group>"; };
		CF6568E2171782B700AE84AC /* Pocket Roster-Prefix.pch */ = {isa = PBXFileReference; lastKnownFileType = sourcecode.c.h; path = "Pocket Roster-Prefix.pch"; sourceTree = "<group>"; };
		CF6568E3171782B700AE84AC /* Pocket_RosterAppDelegate.h */ = {isa = PBXFileReference; lastKnownFileType = sourcecode.c.h; path = Pocket_RosterAppDelegate.h; sourceTree = "<group>"; };
		CF6568E4171782B700AE84AC /* Pocket_RosterAppDelegate.m */ = {isa = PBXFileReference; lastKnownFileType = sourcecode.c.objc; path = Pocket_RosterAppDelegate.m; sourceTree = "<group>"; };
		CF6568E6171782B700AE84AC /* Default.png */ = {isa = PBXFileReference; lastKnownFileType = image.png; path = Default.png; sourceTree = "<group>"; };
		CF6568E8171782B700AE84AC /* Default@2x.png */ = {isa = PBXFileReference; lastKnownFileType = image.png; path = "Default@2x.png"; sourceTree = "<group>"; };
		CF6568EA171782B700AE84AC /* Default-568h@2x.png */ = {isa = PBXFileReference; lastKnownFileType = image.png; path = "Default-568h@2x.png"; sourceTree = "<group>"; };
		CF6568ED171782B700AE84AC /* en */ = {isa = PBXFileReference; lastKnownFileType = file.storyboard; name = en; path = en.lproj/MainStoryboard.storyboard; sourceTree = "<group>"; };
		CF6568EF171782B700AE84AC /* Pocket_RosterViewController.h */ = {isa = PBXFileReference; lastKnownFileType = sourcecode.c.h; path = Pocket_RosterViewController.h; sourceTree = "<group>"; };
		CF6568F0171782B700AE84AC /* Pocket_RosterViewController.m */ = {isa = PBXFileReference; lastKnownFileType = sourcecode.c.objc; path = Pocket_RosterViewController.m; sourceTree = "<group>"; };
		CF6568F7171782B700AE84AC /* Pocket RosterTests.octest */ = {isa = PBXFileReference; explicitFileType = wrapper.cfbundle; includeInIndex = 0; path = "Pocket RosterTests.octest"; sourceTree = BUILT_PRODUCTS_DIR; };
		CF6568F8171782B700AE84AC /* SenTestingKit.framework */ = {isa = PBXFileReference; lastKnownFileType = wrapper.framework; name = SenTestingKit.framework; path = Library/Frameworks/SenTestingKit.framework; sourceTree = DEVELOPER_DIR; };
		CF656900171782B700AE84AC /* Pocket RosterTests-Info.plist */ = {isa = PBXFileReference; lastKnownFileType = text.plist.xml; path = "Pocket RosterTests-Info.plist"; sourceTree = "<group>"; };
		CF656902171782B700AE84AC /* en */ = {isa = PBXFileReference; lastKnownFileType = text.plist.strings; name = en; path = en.lproj/InfoPlist.strings; sourceTree = "<group>"; };
		CF656904171782B700AE84AC /* Pocket_RosterTests.h */ = {isa = PBXFileReference; lastKnownFileType = sourcecode.c.h; path = Pocket_RosterTests.h; sourceTree = "<group>"; };
		CF656905171782B700AE84AC /* Pocket_RosterTests.m */ = {isa = PBXFileReference; lastKnownFileType = sourcecode.c.objc; path = Pocket_RosterTests.m; sourceTree = "<group>"; };
		CF6569131717863100AE84AC /* FlickrPhotoTableViewController.h */ = {isa = PBXFileReference; fileEncoding = 4; lastKnownFileType = sourcecode.c.h; path = FlickrPhotoTableViewController.h; sourceTree = "<group>"; };
		CF6569141717863100AE84AC /* FlickrPhotoTableViewController.m */ = {isa = PBXFileReference; fileEncoding = 4; lastKnownFileType = sourcecode.c.objc; path = FlickrPhotoTableViewController.m; sourceTree = "<group>"; };
		CF6569181717870700AE84AC /* LatestFlickrPhotosTVC.h */ = {isa = PBXFileReference; fileEncoding = 4; lastKnownFileType = sourcecode.c.h; path = LatestFlickrPhotosTVC.h; sourceTree = "<group>"; };
		CF6569191717870700AE84AC /* LatestFlickrPhotosTVC.m */ = {isa = PBXFileReference; fileEncoding = 4; lastKnownFileType = sourcecode.c.objc; path = LatestFlickrPhotosTVC.m; sourceTree = "<group>"; };
		CF65691B171787DF00AE84AC /* AppDelegate.h */ = {isa = PBXFileReference; fileEncoding = 4; lastKnownFileType = sourcecode.c.h; path = AppDelegate.h; sourceTree = "<group>"; };
		CF65691C171787DF00AE84AC /* AppDelegate.m */ = {isa = PBXFileReference; fileEncoding = 4; lastKnownFileType = sourcecode.c.objc; path = AppDelegate.m; sourceTree = "<group>"; };
		CF65691E171795E800AE84AC /* ImageViewController.h */ = {isa = PBXFileReference; fileEncoding = 4; lastKnownFileType = sourcecode.c.h; path = ImageViewController.h; sourceTree = "<group>"; };
		CF65691F171795E800AE84AC /* ImageViewController.m */ = {isa = PBXFileReference; fileEncoding = 4; lastKnownFileType = sourcecode.c.objc; path = ImageViewController.m; sourceTree = "<group>"; };
		CF6569211717968500AE84AC /* AttributedStringViewController.h */ = {isa = PBXFileReference; fileEncoding = 4; lastKnownFileType = sourcecode.c.h; path = AttributedStringViewController.h; sourceTree = "<group>"; };
		CF6569221717968500AE84AC /* AttributedStringViewController.m */ = {isa = PBXFileReference; fileEncoding = 4; lastKnownFileType = sourcecode.c.objc; path = AttributedStringViewController.m; sourceTree = "<group>"; };
		CF656924171797A100AE84AC /* FlickrAPIKey.h */ = {isa = PBXFileReference; fileEncoding = 4; lastKnownFileType = sourcecode.c.h; path = FlickrAPIKey.h; sourceTree = "<group>"; };
		CF65692917179C1F00AE84AC /* BowdoinButton.jpm.png */ = {isa = PBXFileReference; lastKnownFileType = image.png; path = BowdoinButton.jpm.png; sourceTree = "<group>"; };
		CF65692B17179F9800AE84AC /* SwimmingCover.jpg */ = {isa = PBXFileReference; lastKnownFileType = image.jpeg; path = SwimmingCover.jpg; sourceTree = "<group>"; };
		CF65692D1717ABD700AE84AC /* SwimLogo.jpg */ = {isa = PBXFileReference; lastKnownFileType = image.jpeg; path = SwimLogo.jpg; sourceTree = "<group>"; };
		CF6569311717BA1B00AE84AC /* FootballLogo.png */ = {isa = PBXFileReference; lastKnownFileType = image.png; path = FootballLogo.png; sourceTree = "<group>"; };
		CF833B18171E14110011DED3 /* iPad.storyboard */ = {isa = PBXFileReference; fileEncoding = 4; lastKnownFileType = file.storyboard; path = iPad.storyboard; sourceTree = "<group>"; };
		CF833B1B171E143B0011DED3 /* FlickrFetcher.h */ = {isa = PBXFileReference; fileEncoding = 4; lastKnownFileType = sourcecode.c.h; path = FlickrFetcher.h; sourceTree = "<group>"; };
		CF833B1C171E14420011DED3 /* FlickrFetcher.m */ = {isa = PBXFileReference; fileEncoding = 4; lastKnownFileType = sourcecode.c.objc; path = FlickrFetcher.m; sourceTree = "<group>"; };
		CF833B26171ED4080011DED3 /* RosterViewController.h */ = {isa = PBXFileReference; fileEncoding = 4; lastKnownFileType = sourcecode.c.h; path = RosterViewController.h; sourceTree = "<group>"; };
		CF833B27171ED4080011DED3 /* RosterViewController.m */ = {isa = PBXFileReference; fileEncoding = 4; lastKnownFileType = sourcecode.c.objc; path = RosterViewController.m; sourceTree = "<group>"; };
		CF833B381720C0E40011DED3 /* BowdoinSwimming.jpg */ = {isa = PBXFileReference; lastKnownFileType = image.jpeg; path = BowdoinSwimming.jpg; sourceTree = "<group>"; };
		CF833B3C1720C38A0011DED3 /* BowdoinFootball.jpg */ = {isa = PBXFileReference; lastKnownFileType = image.jpeg; path = BowdoinFootball.jpg; sourceTree = "<group>"; };
		CF833B3F1720C73D0011DED3 /* BowdoinSoccer.jpg */ = {isa = PBXFileReference; lastKnownFileType = image.jpeg; path = BowdoinSoccer.jpg; sourceTree = "<group>"; };
		CF833B421720C8410011DED3 /* Bowdoin Basketball.jpg */ = {isa = PBXFileReference; lastKnownFileType = image.jpeg; path = "Bowdoin Basketball.jpg"; sourceTree = "<group>"; };
		CF833B481720C9AC0011DED3 /* BowdoinHockey.png */ = {isa = PBXFileReference; lastKnownFileType = image.png; path = BowdoinHockey.png; sourceTree = "<group>"; };
		CF833B4B1720C9FF0011DED3 /* BowdoinLacrose.png */ = {isa = PBXFileReference; lastKnownFileType = image.png; path = BowdoinLacrose.png; sourceTree = "<group>"; };
		CF833B4E1720CAA80011DED3 /* BowdoinTrack.png */ = {isa = PBXFileReference; lastKnownFileType = image.png; path = BowdoinTrack.png; sourceTree = "<group>"; };
		CF833B511720CAAD0011DED3 /* BowdoinBaseball.png */ = {isa = PBXFileReference; lastKnownFileType = image.png; path = BowdoinBaseball.png; sourceTree = "<group>"; };
		CF833B541720CBF50011DED3 /* Bowdoin Basketball 2.jpg */ = {isa = PBXFileReference; lastKnownFileType = image.jpeg; path = "Bowdoin Basketball 2.jpg"; sourceTree = "<group>"; };
		CF833B551720CBF50011DED3 /* BowdoinCrossCountry 2.jpg */ = {isa = PBXFileReference; lastKnownFileType = image.jpeg; path = "BowdoinCrossCountry 2.jpg"; sourceTree = "<group>"; };
		CF833B561720CBF50011DED3 /* BowdoinSoccer 2.jpg */ = {isa = PBXFileReference; lastKnownFileType = image.jpeg; path = "BowdoinSoccer 2.jpg"; sourceTree = "<group>"; };
		CF833B571720CBF50011DED3 /* BowdoinTrack 2.png */ = {isa = PBXFileReference; lastKnownFileType = image.png; path = "BowdoinTrack 2.png"; sourceTree = "<group>"; };
		CF833B601720D19C0011DED3 /* BowdoinBearPhoto.jpg */ = {isa = PBXFileReference; lastKnownFileType = image.jpeg; path = BowdoinBearPhoto.jpg; sourceTree = "<group>"; };
		CF833B631720E2120011DED3 /* Lloyd Anderson.jpg */ = {isa = PBXFileReference; lastKnownFileType = image.jpeg; path = "Lloyd Anderson.jpg"; sourceTree = "<group>"; };
		CF833B641720E2120011DED3 /* EliBass.jpg */ = {isa = PBXFileReference; lastKnownFileType = image.jpeg; path = EliBass.jpg; sourceTree = "<group>"; };
		CF833B651720E2120011DED3 /* HenryBrockway.jpg */ = {isa = PBXFileReference; lastKnownFileType = image.jpeg; path = HenryBrockway.jpg; sourceTree = "<group>"; };
		CF833B661720E2120011DED3 /* LyleAnderson.jpg */ = {isa = PBXFileReference; lastKnownFileType = image.jpeg; path = LyleAnderson.jpg; sourceTree = "<group>"; };
		CF833B671720E2120011DED3 /* JoeClestin.jpg */ = {isa = PBXFileReference; lastKnownFileType = image.jpeg; path = JoeClestin.jpg; sourceTree = "<group>"; };
		CF833B721720E8C30011DED3 /* Chris Granata.jpg */ = {isa = PBXFileReference; lastKnownFileType = image.jpeg; path = "Chris Granata.jpg"; sourceTree = "<group>"; };
		CF833B731720E8C30011DED3 /* Edwards Googins.jpg */ = {isa = PBXFileReference; lastKnownFileType = image.jpeg; path = "Edwards Googins.jpg"; sourceTree = "<group>"; };
		CF833B741720E8C30011DED3 /* Mark Fernandez.jpg */ = {isa = PBXFileReference; lastKnownFileType = image.jpeg; path = "Mark Fernandez.jpg"; sourceTree = "<group>"; };
		CF833B751720E8C30011DED3 /* JR Chansakul.jpg */ = {isa = PBXFileReference; lastKnownFileType = image.jpeg; path = "JR Chansakul.jpg"; sourceTree = "<group>"; };
		CF833B761720E8C30011DED3 /* AlexanderEdison.jpg */ = {isa = PBXFileReference; lastKnownFileType = image.jpeg; path = AlexanderEdison.jpg; sourceTree = "<group>"; };
		CF833B771720E8C30011DED3 /* Peter Deardorff.jpg */ = {isa = PBXFileReference; lastKnownFileType = image.jpeg; path = "Peter Deardorff.jpg"; sourceTree = "<group>"; };
		CF833B781720E8C30011DED3 /* Fred Elias.jpg */ = {isa = PBXFileReference; lastKnownFileType = image.jpeg; path = "Fred Elias.jpg"; sourceTree = "<group>"; };
		CF833B871720EBF80011DED3 /* Alexander Tougas.jpg */ = {isa = PBXFileReference; lastKnownFileType = image.jpeg; path = "Alexander Tougas.jpg"; sourceTree = "<group>"; };
		CF833B881720EBF80011DED3 /* Kevin Koh.jpg */ = {isa = PBXFileReference; lastKnownFileType = image.jpeg; path = "Kevin Koh.jpg"; sourceTree = "<group>"; };
		CF833B891720EBF80011DED3 /* Thomas Kramer.jpg */ = {isa = PBXFileReference; lastKnownFileType = image.jpeg; path = "Thomas Kramer.jpg"; sourceTree = "<group>"; };
		CF833B8A1720EBF80011DED3 /* Andrew Park.jpg */ = {isa = PBXFileReference; lastKnownFileType = image.jpeg; path = "Andrew Park.jpg"; sourceTree = "<group>"; };
		CF833B8B1720EBF80011DED3 /* Karl Reinhardt.jpg */ = {isa = PBXFileReference; lastKnownFileType = image.jpeg; path = "Karl Reinhardt.jpg"; sourceTree = "<group>"; };
		CF833B8C1720EBF80011DED3 /* Linc Rhodes.jpg */ = {isa = PBXFileReference; lastKnownFileType = image.jpeg; path = "Linc Rhodes.jpg"; sourceTree = "<group>"; };
		CF833B8D1720EBF80011DED3 /* Ryan Kulesza.jpg */ = {isa = PBXFileReference; lastKnownFileType = image.jpeg; path = "Ryan Kulesza.jpg"; sourceTree = "<group>"; };
		CF833B8E1720EBF80011DED3 /* Ryan Peabody.jpg */ = {isa = PBXFileReference; lastKnownFileType = image.jpeg; path = "Ryan Peabody.jpg"; sourceTree = "<group>"; };
		CF833B8F1720EBF80011DED3 /* Basyl Stuyvesant.jpg */ = {isa = PBXFileReference; lastKnownFileType = image.jpeg; path = "Basyl Stuyvesant.jpg"; sourceTree = "<group>"; };
		CF833B901720EBF80011DED3 /* Colin Kennedy.jpg */ = {isa = PBXFileReference; lastKnownFileType = image.jpeg; path = "Colin Kennedy.jpg"; sourceTree = "<group>"; };
		CF833B911720EBF80011DED3 /* Omar Sohail.jpg */ = {isa = PBXFileReference; lastKnownFileType = image.jpeg; path = "Omar Sohail.jpg"; sourceTree = "<group>"; };
		CF833B921720EBF80011DED3 /* Hugo Tran.jpg */ = {isa = PBXFileReference; lastKnownFileType = image.jpeg; path = "Hugo Tran.jpg"; sourceTree = "<group>"; };
		CF833B931720EBF80011DED3 /* William Shi.jpg */ = {isa = PBXFileReference; lastKnownFileType = image.jpeg; path = "William Shi.jpg"; sourceTree = "<group>"; };
		CF833B941720EBF80011DED3 /* John Lagasse.jpg */ = {isa = PBXFileReference; lastKnownFileType = image.jpeg; path = "John Lagasse.jpg"; sourceTree = "<group>"; };
		CF833BB117217CF20011DED3 /* Katherine Carter.jpg */ = {isa = PBXFileReference; lastKnownFileType = image.jpeg; path = "Katherine Carter.jpg"; sourceTree = "<group>"; };
		CF833BB217217CF20011DED3 /* Katherine Foley.jpg */ = {isa = PBXFileReference; lastKnownFileType = image.jpeg; path = "Katherine Foley.jpg"; sourceTree = "<group>"; };
		CF833BB317217CF20011DED3 /* Lela Garner.jpg */ = {isa = PBXFileReference; lastKnownFileType = image.jpeg; path = "Lela Garner.jpg"; sourceTree = "<group>"; };
		CF833BB417217CF20011DED3 /* Megan Chong.jpg */ = {isa = PBXFileReference; lastKnownFileType = image.jpeg; path = "Megan Chong.jpg"; sourceTree = "<group>"; };
		CF833BB517217CF20011DED3 /* Patty Boyer.jpg */ = {isa = PBXFileReference; lastKnownFileType = image.jpeg; path = "Patty Boyer.jpg"; sourceTree = "<group>"; };
		CF833BB617217CF20011DED3 /* Teri Faller.jpg */ = {isa = PBXFileReference; lastKnownFileType = image.jpeg; path = "Teri Faller.jpg"; sourceTree = "<group>"; };
		CF833BB717217CF20011DED3 /* Kelsey Goodwin.jpg */ = {isa = PBXFileReference; lastKnownFileType = image.jpeg; path = "Kelsey Goodwin.jpg"; sourceTree = "<group>"; };
		CF833BB817217CF20011DED3 /* Sarah Hirschfeld.jpg */ = {isa = PBXFileReference; lastKnownFileType = image.jpeg; path = "Sarah Hirschfeld.jpg"; sourceTree = "<group>"; };
		CF833BB917217CF20011DED3 /* Bridget Killian.jpg */ = {isa = PBXFileReference; lastKnownFileType = image.jpeg; path = "Bridget Killian.jpg"; sourceTree = "<group>"; };
		CF833BBA17217CF20011DED3 /* Caitlin Hutchinson Maddox.jpg */ = {isa = PBXFileReference; lastKnownFileType = image.jpeg; path = "Caitlin Hutchinson Maddox.jpg"; sourceTree = "<group>"; };
		CF833BBB17217CF20011DED3 /* Tricia Hartley.jpg */ = {isa = PBXFileReference; lastKnownFileType = image.jpeg; path = "Tricia Hartley.jpg"; sourceTree = "<group>"; };
		CF833BD21721821B0011DED3 /* Kaley Kokomoor.jpg */ = {isa = PBXFileReference; lastKnownFileType = image.jpeg; path = "Kaley Kokomoor.jpg"; sourceTree = "<group>"; };
		CF833BD31721821B0011DED3 /* Helen Newton.jpg */ = {isa = PBXFileReference; lastKnownFileType = image.jpeg; path = "Helen Newton.jpg"; sourceTree = "<group>"; };
		CF833BD41721821B0011DED3 /* Maeve O'Leary.jpg */ = {isa = PBXFileReference; lastKnownFileType = image.jpeg; path = "Maeve O'Leary.jpg"; sourceTree = "<group>"; };
		CF833BD51721821B0011DED3 /* Sasha Kramer.jpg */ = {isa = PBXFileReference; lastKnownFileType = image.jpeg; path = "Sasha Kramer.jpg"; sourceTree = "<group>"; };
		CF833BD61721821B0011DED3 /* Serena Taj.jpg */ = {isa = PBXFileReference; lastKnownFileType = image.jpeg; path = "Serena Taj.jpg"; sourceTree = "<group>"; };
		CF833BD71721821B0011DED3 /* Mariah Reading.jpg */ = {isa = PBXFileReference; lastKnownFileType = image.jpeg; path = "Mariah Reading.jpg"; sourceTree = "<group>"; };
		CF833BD81721821B0011DED3 /* Olivia Pfeifer.jpg */ = {isa = PBXFileReference; lastKnownFileType = image.jpeg; path = "Olivia Pfeifer.jpg"; sourceTree = "<group>"; };
		CF833BD91721821B0011DED3 /* Sue Sim.jpg */ = {isa = PBXFileReference; lastKnownFileType = image.jpeg; path = "Sue Sim.jpg"; sourceTree = "<group>"; };
		CF833BDA1721821B0011DED3 /* Caroline Moore.jpg */ = {isa = PBXFileReference; lastKnownFileType = image.jpeg; path = "Caroline Moore.jpg"; sourceTree = "<group>"; };
		CF833BDB1721821B0011DED3 /* Christine Rholl.jpg */ = {isa = PBXFileReference; lastKnownFileType = image.jpeg; path = "Christine Rholl.jpg"; sourceTree = "<group>"; };
		CF833BDC1721821B0011DED3 /* Laurel Varnell.jpg */ = {isa = PBXFileReference; lastKnownFileType = image.jpeg; path = "Laurel Varnell.jpg"; sourceTree = "<group>"; };
		CF833BDD1721821B0011DED3 /* Sonia Manssen.jpg */ = {isa = PBXFileReference; lastKnownFileType = image.jpeg; path = "Sonia Manssen.jpg"; sourceTree = "<group>"; };
		CF833BDE1721821B0011DED3 /* Sage Mikami.jpg */ = {isa = PBXFileReference; lastKnownFileType = image.jpeg; path = "Sage Mikami.jpg"; sourceTree = "<group>"; };
/* End PBXFileReference section */

/* Begin PBXFrameworksBuildPhase section */
		CF6568CD171782B700AE84AC /* Frameworks */ = {
			isa = PBXFrameworksBuildPhase;
			buildActionMask = 2147483647;
			files = (
				CF6568D5171782B700AE84AC /* UIKit.framework in Frameworks */,
				CF6568D7171782B700AE84AC /* Foundation.framework in Frameworks */,
				CF6568D9171782B700AE84AC /* CoreGraphics.framework in Frameworks */,
			);
			runOnlyForDeploymentPostprocessing = 0;
		};
		CF6568F3171782B700AE84AC /* Frameworks */ = {
			isa = PBXFrameworksBuildPhase;
			buildActionMask = 2147483647;
			files = (
				CF6568F9171782B700AE84AC /* SenTestingKit.framework in Frameworks */,
				CF6568FA171782B700AE84AC /* UIKit.framework in Frameworks */,
				CF6568FB171782B700AE84AC /* Foundation.framework in Frameworks */,
			);
			runOnlyForDeploymentPostprocessing = 0;
		};
/* End PBXFrameworksBuildPhase section */

/* Begin PBXGroup section */
		1EBB3DF4172241650032238C /* Swim Team */ = {
			isa = PBXGroup;
			children = (
				CF833BD21721821B0011DED3 /* Kaley Kokomoor.jpg */,
				CF833BD31721821B0011DED3 /* Helen Newton.jpg */,
				CF833BD41721821B0011DED3 /* Maeve O'Leary.jpg */,
				CF833BD51721821B0011DED3 /* Sasha Kramer.jpg */,
				CF833BD61721821B0011DED3 /* Serena Taj.jpg */,
				CF833BD71721821B0011DED3 /* Mariah Reading.jpg */,
				CF833BD81721821B0011DED3 /* Olivia Pfeifer.jpg */,
				CF833BD91721821B0011DED3 /* Sue Sim.jpg */,
				CF833BDA1721821B0011DED3 /* Caroline Moore.jpg */,
				CF833BDB1721821B0011DED3 /* Christine Rholl.jpg */,
				CF833BDC1721821B0011DED3 /* Laurel Varnell.jpg */,
				CF833BDD1721821B0011DED3 /* Sonia Manssen.jpg */,
				CF833BDE1721821B0011DED3 /* Sage Mikami.jpg */,
				CF833BB117217CF20011DED3 /* Katherine Carter.jpg */,
				CF833BB217217CF20011DED3 /* Katherine Foley.jpg */,
				CF833BB317217CF20011DED3 /* Lela Garner.jpg */,
				CF833BB417217CF20011DED3 /* Megan Chong.jpg */,
				CF833BB517217CF20011DED3 /* Patty Boyer.jpg */,
				CF833BB617217CF20011DED3 /* Teri Faller.jpg */,
				CF833BB717217CF20011DED3 /* Kelsey Goodwin.jpg */,
				CF833BB817217CF20011DED3 /* Sarah Hirschfeld.jpg */,
				CF833BB917217CF20011DED3 /* Bridget Killian.jpg */,
				CF833BBA17217CF20011DED3 /* Caitlin Hutchinson Maddox.jpg */,
				CF833BBB17217CF20011DED3 /* Tricia Hartley.jpg */,
				CF833B871720EBF80011DED3 /* Alexander Tougas.jpg */,
				CF833B881720EBF80011DED3 /* Kevin Koh.jpg */,
				CF833B891720EBF80011DED3 /* Thomas Kramer.jpg */,
				CF833B8A1720EBF80011DED3 /* Andrew Park.jpg */,
				CF833B8B1720EBF80011DED3 /* Karl Reinhardt.jpg */,
				CF833B8C1720EBF80011DED3 /* Linc Rhodes.jpg */,
				CF833B8D1720EBF80011DED3 /* Ryan Kulesza.jpg */,
				CF833B8E1720EBF80011DED3 /* Ryan Peabody.jpg */,
				CF833B8F1720EBF80011DED3 /* Basyl Stuyvesant.jpg */,
				CF833B901720EBF80011DED3 /* Colin Kennedy.jpg */,
				CF833B911720EBF80011DED3 /* Omar Sohail.jpg */,
				CF833B921720EBF80011DED3 /* Hugo Tran.jpg */,
				CF833B931720EBF80011DED3 /* William Shi.jpg */,
				CF833B941720EBF80011DED3 /* John Lagasse.jpg */,
				CF833B721720E8C30011DED3 /* Chris Granata.jpg */,
				CF833B731720E8C30011DED3 /* Edwards Googins.jpg */,
				CF833B741720E8C30011DED3 /* Mark Fernandez.jpg */,
				CF833B751720E8C30011DED3 /* JR Chansakul.jpg */,
				CF833B761720E8C30011DED3 /* AlexanderEdison.jpg */,
				CF833B771720E8C30011DED3 /* Peter Deardorff.jpg */,
				CF833B781720E8C30011DED3 /* Fred Elias.jpg */,
				CF833B631720E2120011DED3 /* Lloyd Anderson.jpg */,
				CF833B641720E2120011DED3 /* EliBass.jpg */,
				CF833B651720E2120011DED3 /* HenryBrockway.jpg */,
				CF833B661720E2120011DED3 /* LyleAnderson.jpg */,
				CF833B671720E2120011DED3 /* JoeClestin.jpg */,
			);
			name = "Swim Team";
			sourceTree = "<group>";
		};
		CF6568C5171782B700AE84AC = {
			isa = PBXGroup;
			children = (
				1EBB3DF4172241650032238C /* Swim Team */,
				1EBB3DEC17223EF40032238C /* 9.-Bowdoin-College.png */,
				1EFF35C417260A33003A5A1E /* FootballRosterPictures */,
				CF833B601720D19C0011DED3 /* BowdoinBearPhoto.jpg */,
				1EBB3DED17223EF40032238C /* bowdoin-hubbard-hall-spring-2012.jpg */,
				1EBB3DEE17223EF40032238C /* winter-quad-266.jpg */,
				1EBB3DEF17223EF40032238C /* Bowdoin_College_Quad_308x150.jpg */,
				CF833B541720CBF50011DED3 /* Bowdoin Basketball 2.jpg */,
				CF833B551720CBF50011DED3 /* BowdoinCrossCountry 2.jpg */,
				CF833B561720CBF50011DED3 /* BowdoinSoccer 2.jpg */,
				CF833B571720CBF50011DED3 /* BowdoinTrack 2.png */,
				CF833B511720CAAD0011DED3 /* BowdoinBaseball.png */,
				CF833B4E1720CAA80011DED3 /* BowdoinTrack.png */,
				CF833B4B1720C9FF0011DED3 /* BowdoinLacrose.png */,
				CF833B481720C9AC0011DED3 /* BowdoinHockey.png */,
				CF833B421720C8410011DED3 /* Bowdoin Basketball.jpg */,
				CF833B3F1720C73D0011DED3 /* BowdoinSoccer.jpg */,
				CF833B3C1720C38A0011DED3 /* BowdoinFootball.jpg */,
				CF833B381720C0E40011DED3 /* BowdoinSwimming.jpg */,
				CF6569311717BA1B00AE84AC /* FootballLogo.png */,
				CF65692D1717ABD700AE84AC /* SwimLogo.jpg */,
				CF65692B17179F9800AE84AC /* SwimmingCover.jpg */,
				CF65692917179C1F00AE84AC /* BowdoinButton.jpm.png */,
				CF6568DA171782B700AE84AC /* Pocket Roster */,
				CF6568FE171782B700AE84AC /* Pocket RosterTests */,
				CF6568D3171782B700AE84AC /* Frameworks */,
				CF6568D1171782B700AE84AC /* Products */,
			);
			sourceTree = "<group>";
		};
		CF6568D1171782B700AE84AC /* Products */ = {
			isa = PBXGroup;
			children = (
				CF6568D0171782B700AE84AC /* Pocket Roster.app */,
				CF6568F7171782B700AE84AC /* Pocket RosterTests.octest */,
			);
			name = Products;
			sourceTree = "<group>";
		};
		CF6568D3171782B700AE84AC /* Frameworks */ = {
			isa = PBXGroup;
			children = (
				CF6568D4171782B700AE84AC /* UIKit.framework */,
				CF6568D6171782B700AE84AC /* Foundation.framework */,
				CF6568D8171782B700AE84AC /* CoreGraphics.framework */,
				CF6568F8171782B700AE84AC /* SenTestingKit.framework */,
			);
			name = Frameworks;
			sourceTree = "<group>";
		};
		CF6568DA171782B700AE84AC /* Pocket Roster */ = {
			isa = PBXGroup;
			children = (
				1EFF35BD1725EFFA003A5A1E /* RosterCell.h */,
				1EFF35BE1725EFFA003A5A1E /* RosterCell.m */,
				1EBB3DF7172256AD0032238C /* RosterTVC.h */,
				1EBB3DF8172256AD0032238C /* RosterTVC.m */,
				CF6569131717863100AE84AC /* FlickrPhotoTableViewController.h */,
				CF6569141717863100AE84AC /* FlickrPhotoTableViewController.m */,
				CF65691B171787DF00AE84AC /* AppDelegate.h */,
				CF65691C171787DF00AE84AC /* AppDelegate.m */,
				CF6569181717870700AE84AC /* LatestFlickrPhotosTVC.h */,
				CF6569191717870700AE84AC /* LatestFlickrPhotosTVC.m */,
				CF656924171797A100AE84AC /* FlickrAPIKey.h */,
				CF833B1C171E14420011DED3 /* FlickrFetcher.m */,
				CF833B1B171E143B0011DED3 /* FlickrFetcher.h */,
				CF833B18171E14110011DED3 /* iPad.storyboard */,
				CF6568E3171782B700AE84AC /* Pocket_RosterAppDelegate.h */,
				CF6568E4171782B700AE84AC /* Pocket_RosterAppDelegate.m */,
				CF6569211717968500AE84AC /* AttributedStringViewController.h */,
				CF6569221717968500AE84AC /* AttributedStringViewController.m */,
				CF6568EC171782B700AE84AC /* MainStoryboard.storyboard */,
				CF833B26171ED4080011DED3 /* RosterViewController.h */,
				CF833B27171ED4080011DED3 /* RosterViewController.m */,
				CF6568EF171782B700AE84AC /* Pocket_RosterViewController.h */,
				CF6568F0171782B700AE84AC /* Pocket_RosterViewController.m */,
				CF65691E171795E800AE84AC /* ImageViewController.h */,
				CF65691F171795E800AE84AC /* ImageViewController.m */,
				CF6568DB171782B700AE84AC /* Supporting Files */,
			);
			path = "Pocket Roster";
			sourceTree = "<group>";
		};
		CF6568DB171782B700AE84AC /* Supporting Files */ = {
			isa = PBXGroup;
			children = (
				CF6568DC171782B700AE84AC /* Pocket Roster-Info.plist */,
				CF6568DD171782B700AE84AC /* InfoPlist.strings */,
				CF6568E0171782B700AE84AC /* main.m */,
				CF6568E2171782B700AE84AC /* Pocket Roster-Prefix.pch */,
				CF6568E6171782B700AE84AC /* Default.png */,
				CF6568E8171782B700AE84AC /* Default@2x.png */,
				CF6568EA171782B700AE84AC /* Default-568h@2x.png */,
			);
			name = "Supporting Files";
			sourceTree = "<group>";
		};
		CF6568FE171782B700AE84AC /* Pocket RosterTests */ = {
			isa = PBXGroup;
			children = (
				CF656904171782B700AE84AC /* Pocket_RosterTests.h */,
				CF656905171782B700AE84AC /* Pocket_RosterTests.m */,
				CF6568FF171782B700AE84AC /* Supporting Files */,
			);
			path = "Pocket RosterTests";
			sourceTree = "<group>";
		};
		CF6568FF171782B700AE84AC /* Supporting Files */ = {
			isa = PBXGroup;
			children = (
				CF656900171782B700AE84AC /* Pocket RosterTests-Info.plist */,
				CF656901171782B700AE84AC /* InfoPlist.strings */,
			);
			name = "Supporting Files";
			sourceTree = "<group>";
		};
/* End PBXGroup section */

/* Begin PBXNativeTarget section */
		CF6568CF171782B700AE84AC /* Pocket Roster */ = {
			isa = PBXNativeTarget;
			buildConfigurationList = CF656909171782B700AE84AC /* Build configuration list for PBXNativeTarget "Pocket Roster" */;
			buildPhases = (
				CF6568CC171782B700AE84AC /* Sources */,
				CF6568CD171782B700AE84AC /* Frameworks */,
				CF6568CE171782B700AE84AC /* Resources */,
			);
			buildRules = (
			);
			dependencies = (
			);
			name = "Pocket Roster";
			productName = "Pocket Roster";
			productReference = CF6568D0171782B700AE84AC /* Pocket Roster.app */;
			productType = "com.apple.product-type.application";
		};
		CF6568F6171782B700AE84AC /* Pocket RosterTests */ = {
			isa = PBXNativeTarget;
			buildConfigurationList = CF65690C171782B700AE84AC /* Build configuration list for PBXNativeTarget "Pocket RosterTests" */;
			buildPhases = (
				CF6568F2171782B700AE84AC /* Sources */,
				CF6568F3171782B700AE84AC /* Frameworks */,
				CF6568F4171782B700AE84AC /* Resources */,
				CF6568F5171782B700AE84AC /* ShellScript */,
			);
			buildRules = (
			);
			dependencies = (
				CF6568FD171782B700AE84AC /* PBXTargetDependency */,
			);
			name = "Pocket RosterTests";
			productName = "Pocket RosterTests";
			productReference = CF6568F7171782B700AE84AC /* Pocket RosterTests.octest */;
			productType = "com.apple.product-type.bundle";
		};
/* End PBXNativeTarget section */

/* Begin PBXProject section */
		CF6568C7171782B700AE84AC /* Project object */ = {
			isa = PBXProject;
			attributes = {
				CLASSPREFIX = "Pocket Roster";
				LastUpgradeCheck = 0450;
				ORGANIZATIONNAME = "Pocket Roster";
			};
			buildConfigurationList = CF6568CA171782B700AE84AC /* Build configuration list for PBXProject "Pocket Roster" */;
			compatibilityVersion = "Xcode 3.2";
			developmentRegion = English;
			hasScannedForEncodings = 0;
			knownRegions = (
				en,
			);
			mainGroup = CF6568C5171782B700AE84AC;
			productRefGroup = CF6568D1171782B700AE84AC /* Products */;
			projectDirPath = "";
			projectRoot = "";
			targets = (
				CF6568CF171782B700AE84AC /* Pocket Roster */,
				CF6568F6171782B700AE84AC /* Pocket RosterTests */,
			);
		};
/* End PBXProject section */

/* Begin PBXResourcesBuildPhase section */
		CF6568CE171782B700AE84AC /* Resources */ = {
			isa = PBXResourcesBuildPhase;
			buildActionMask = 2147483647;
			files = (
				CF6568DF171782B700AE84AC /* InfoPlist.strings in Resources */,
				CF6568E7171782B700AE84AC /* Default.png in Resources */,
				CF6568E9171782B700AE84AC /* Default@2x.png in Resources */,
				CF6568EB171782B700AE84AC /* Default-568h@2x.png in Resources */,
				CF6568EE171782B700AE84AC /* MainStoryboard.storyboard in Resources */,
				CF65692A17179C1F00AE84AC /* BowdoinButton.jpm.png in Resources */,
				CF65692C17179F9800AE84AC /* SwimmingCover.jpg in Resources */,
				CF65692E1717ABD700AE84AC /* SwimLogo.jpg in Resources */,
				CF6569321717BA1B00AE84AC /* FootballLogo.png in Resources */,
				CF833B19171E14110011DED3 /* iPad.storyboard in Resources */,
				CF833B391720C0E40011DED3 /* BowdoinSwimming.jpg in Resources */,
				CF833B3D1720C38A0011DED3 /* BowdoinFootball.jpg in Resources */,
				CF833B401720C73E0011DED3 /* BowdoinSoccer.jpg in Resources */,
				CF833B431720C8410011DED3 /* Bowdoin Basketball.jpg in Resources */,
				CF833B491720C9AC0011DED3 /* BowdoinHockey.png in Resources */,
				CF833B4C1720C9FF0011DED3 /* BowdoinLacrose.png in Resources */,
				CF833B4F1720CAA80011DED3 /* BowdoinTrack.png in Resources */,
				CF833B521720CAAD0011DED3 /* BowdoinBaseball.png in Resources */,
				CF833B581720CBF50011DED3 /* Bowdoin Basketball 2.jpg in Resources */,
				CF833B5A1720CBF50011DED3 /* BowdoinCrossCountry 2.jpg in Resources */,
				CF833B5C1720CBF50011DED3 /* BowdoinSoccer 2.jpg in Resources */,
				CF833B5E1720CBF50011DED3 /* BowdoinTrack 2.png in Resources */,
				CF833B611720D19C0011DED3 /* BowdoinBearPhoto.jpg in Resources */,
				CF833B681720E2120011DED3 /* Lloyd Anderson.jpg in Resources */,
				CF833B6A1720E2120011DED3 /* EliBass.jpg in Resources */,
				CF833B6C1720E2120011DED3 /* HenryBrockway.jpg in Resources */,
				CF833B6E1720E2120011DED3 /* LyleAnderson.jpg in Resources */,
				CF833B701720E2120011DED3 /* JoeClestin.jpg in Resources */,
				CF833B791720E8C30011DED3 /* Chris Granata.jpg in Resources */,
				CF833B7B1720E8C30011DED3 /* Edwards Googins.jpg in Resources */,
				CF833B7D1720E8C30011DED3 /* Mark Fernandez.jpg in Resources */,
				CF833B7F1720E8C30011DED3 /* JR Chansakul.jpg in Resources */,
				CF833B811720E8C30011DED3 /* AlexanderEdison.jpg in Resources */,
				CF833B831720E8C30011DED3 /* Peter Deardorff.jpg in Resources */,
				CF833B851720E8C30011DED3 /* Fred Elias.jpg in Resources */,
				CF833B951720EBF80011DED3 /* Alexander Tougas.jpg in Resources */,
				CF833B971720EBF80011DED3 /* Kevin Koh.jpg in Resources */,
				CF833B991720EBF80011DED3 /* Thomas Kramer.jpg in Resources */,
				CF833B9B1720EBF80011DED3 /* Andrew Park.jpg in Resources */,
				CF833B9D1720EBF80011DED3 /* Karl Reinhardt.jpg in Resources */,
				CF833B9F1720EBF80011DED3 /* Linc Rhodes.jpg in Resources */,
				CF833BA11720EBF80011DED3 /* Ryan Kulesza.jpg in Resources */,
				CF833BA31720EBF80011DED3 /* Ryan Peabody.jpg in Resources */,
				CF833BA51720EBF80011DED3 /* Basyl Stuyvesant.jpg in Resources */,
				CF833BA71720EBF80011DED3 /* Colin Kennedy.jpg in Resources */,
				CF833BA91720EBF80011DED3 /* Omar Sohail.jpg in Resources */,
				CF833BAB1720EBF80011DED3 /* Hugo Tran.jpg in Resources */,
				CF833BAD1720EBF80011DED3 /* William Shi.jpg in Resources */,
				CF833BAF1720EBF80011DED3 /* John Lagasse.jpg in Resources */,
				CF833BBC17217CF20011DED3 /* Katherine Carter.jpg in Resources */,
				CF833BBE17217CF20011DED3 /* Katherine Foley.jpg in Resources */,
				CF833BC017217CF20011DED3 /* Lela Garner.jpg in Resources */,
				CF833BC217217CF20011DED3 /* Megan Chong.jpg in Resources */,
				CF833BC417217CF20011DED3 /* Patty Boyer.jpg in Resources */,
				CF833BC617217CF20011DED3 /* Teri Faller.jpg in Resources */,
				CF833BC817217CF20011DED3 /* Kelsey Goodwin.jpg in Resources */,
				CF833BCA17217CF20011DED3 /* Sarah Hirschfeld.jpg in Resources */,
				CF833BCC17217CF20011DED3 /* Bridget Killian.jpg in Resources */,
				CF833BCE17217CF20011DED3 /* Caitlin Hutchinson Maddox.jpg in Resources */,
				CF833BD017217CF20011DED3 /* Tricia Hartley.jpg in Resources */,
				CF833BDF1721821B0011DED3 /* Kaley Kokomoor.jpg in Resources */,
				CF833BE11721821B0011DED3 /* Helen Newton.jpg in Resources */,
				CF833BE31721821B0011DED3 /* Maeve O'Leary.jpg in Resources */,
				CF833BE51721821B0011DED3 /* Sasha Kramer.jpg in Resources */,
				CF833BE71721821B0011DED3 /* Serena Taj.jpg in Resources */,
				CF833BE91721821B0011DED3 /* Mariah Reading.jpg in Resources */,
				CF833BEB1721821B0011DED3 /* Olivia Pfeifer.jpg in Resources */,
				CF833BED1721821B0011DED3 /* Sue Sim.jpg in Resources */,
				CF833BEF1721821B0011DED3 /* Caroline Moore.jpg in Resources */,
				CF833BF11721821B0011DED3 /* Christine Rholl.jpg in Resources */,
				CF833BF31721821B0011DED3 /* Laurel Varnell.jpg in Resources */,
				CF833BF51721821B0011DED3 /* Sonia Manssen.jpg in Resources */,
				CF833BF71721821B0011DED3 /* Sage Mikami.jpg in Resources */,
				1EBB3DF017223EF40032238C /* 9.-Bowdoin-College.png in Resources */,
				1EBB3DF117223EF40032238C /* bowdoin-hubbard-hall-spring-2012.jpg in Resources */,
				1EBB3DF217223EF40032238C /* winter-quad-266.jpg in Resources */,
				1EBB3DF317223EF40032238C /* Bowdoin_College_Quad_308x150.jpg in Resources */,
				1EFF35C517260A33003A5A1E /* FootballRosterPictures in Resources */,
			);
			runOnlyForDeploymentPostprocessing = 0;
		};
		CF6568F4171782B700AE84AC /* Resources */ = {
			isa = PBXResourcesBuildPhase;
			buildActionMask = 2147483647;
			files = (
				CF656903171782B700AE84AC /* InfoPlist.strings in Resources */,
				CF833B3A1720C0E40011DED3 /* BowdoinSwimming.jpg in Resources */,
				CF833B3E1720C38A0011DED3 /* BowdoinFootball.jpg in Resources */,
				CF833B411720C73E0011DED3 /* BowdoinSoccer.jpg in Resources */,
				CF833B441720C8410011DED3 /* Bowdoin Basketball.jpg in Resources */,
				CF833B4A1720C9AC0011DED3 /* BowdoinHockey.png in Resources */,
				CF833B4D1720C9FF0011DED3 /* BowdoinLacrose.png in Resources */,
				CF833B501720CAA80011DED3 /* BowdoinTrack.png in Resources */,
				CF833B531720CAAD0011DED3 /* BowdoinBaseball.png in Resources */,
				CF833B591720CBF50011DED3 /* Bowdoin Basketball 2.jpg in Resources */,
				CF833B5B1720CBF50011DED3 /* BowdoinCrossCountry 2.jpg in Resources */,
				CF833B5D1720CBF50011DED3 /* BowdoinSoccer 2.jpg in Resources */,
				CF833B5F1720CBF50011DED3 /* BowdoinTrack 2.png in Resources */,
				CF833B621720D19C0011DED3 /* BowdoinBearPhoto.jpg in Resources */,
				CF833B691720E2120011DED3 /* Lloyd Anderson.jpg in Resources */,
				CF833B6B1720E2120011DED3 /* EliBass.jpg in Resources */,
				CF833B6D1720E2120011DED3 /* HenryBrockway.jpg in Resources */,
				CF833B6F1720E2120011DED3 /* LyleAnderson.jpg in Resources */,
				CF833B711720E2120011DED3 /* JoeClestin.jpg in Resources */,
				CF833B7A1720E8C30011DED3 /* Chris Granata.jpg in Resources */,
				CF833B7C1720E8C30011DED3 /* Edwards Googins.jpg in Resources */,
				CF833B7E1720E8C30011DED3 /* Mark Fernandez.jpg in Resources */,
				CF833B801720E8C30011DED3 /* JR Chansakul.jpg in Resources */,
				CF833B821720E8C30011DED3 /* AlexanderEdison.jpg in Resources */,
				CF833B841720E8C30011DED3 /* Peter Deardorff.jpg in Resources */,
				CF833B861720E8C30011DED3 /* Fred Elias.jpg in Resources */,
				CF833B961720EBF80011DED3 /* Alexander Tougas.jpg in Resources */,
				CF833B981720EBF80011DED3 /* Kevin Koh.jpg in Resources */,
				CF833B9A1720EBF80011DED3 /* Thomas Kramer.jpg in Resources */,
				CF833B9C1720EBF80011DED3 /* Andrew Park.jpg in Resources */,
				CF833B9E1720EBF80011DED3 /* Karl Reinhardt.jpg in Resources */,
				CF833BA01720EBF80011DED3 /* Linc Rhodes.jpg in Resources */,
				CF833BA21720EBF80011DED3 /* Ryan Kulesza.jpg in Resources */,
				CF833BA41720EBF80011DED3 /* Ryan Peabody.jpg in Resources */,
				CF833BA61720EBF80011DED3 /* Basyl Stuyvesant.jpg in Resources */,
				CF833BA81720EBF80011DED3 /* Colin Kennedy.jpg in Resources */,
				CF833BAA1720EBF80011DED3 /* Omar Sohail.jpg in Resources */,
				CF833BAC1720EBF80011DED3 /* Hugo Tran.jpg in Resources */,
				CF833BAE1720EBF80011DED3 /* William Shi.jpg in Resources */,
				CF833BB01720EBF80011DED3 /* John Lagasse.jpg in Resources */,
				CF833BBD17217CF20011DED3 /* Katherine Carter.jpg in Resources */,
				CF833BBF17217CF20011DED3 /* Katherine Foley.jpg in Resources */,
				CF833BC117217CF20011DED3 /* Lela Garner.jpg in Resources */,
				CF833BC317217CF20011DED3 /* Megan Chong.jpg in Resources */,
				CF833BC517217CF20011DED3 /* Patty Boyer.jpg in Resources */,
				CF833BC717217CF20011DED3 /* Teri Faller.jpg in Resources */,
				CF833BC917217CF20011DED3 /* Kelsey Goodwin.jpg in Resources */,
				CF833BCB17217CF20011DED3 /* Sarah Hirschfeld.jpg in Resources */,
				CF833BCD17217CF20011DED3 /* Bridget Killian.jpg in Resources */,
				CF833BCF17217CF20011DED3 /* Caitlin Hutchinson Maddox.jpg in Resources */,
				CF833BD117217CF20011DED3 /* Tricia Hartley.jpg in Resources */,
				CF833BE01721821B0011DED3 /* Kaley Kokomoor.jpg in Resources */,
				CF833BE21721821B0011DED3 /* Helen Newton.jpg in Resources */,
				CF833BE41721821B0011DED3 /* Maeve O'Leary.jpg in Resources */,
				CF833BE61721821B0011DED3 /* Sasha Kramer.jpg in Resources */,
				CF833BE81721821B0011DED3 /* Serena Taj.jpg in Resources */,
				CF833BEA1721821B0011DED3 /* Mariah Reading.jpg in Resources */,
				CF833BEC1721821B0011DED3 /* Olivia Pfeifer.jpg in Resources */,
				CF833BEE1721821B0011DED3 /* Sue Sim.jpg in Resources */,
				CF833BF01721821B0011DED3 /* Caroline Moore.jpg in Resources */,
				CF833BF21721821B0011DED3 /* Christine Rholl.jpg in Resources */,
				CF833BF41721821B0011DED3 /* Laurel Varnell.jpg in Resources */,
				CF833BF61721821B0011DED3 /* Sonia Manssen.jpg in Resources */,
				CF833BF81721821B0011DED3 /* Sage Mikami.jpg in Resources */,
			);
			runOnlyForDeploymentPostprocessing = 0;
		};
/* End PBXResourcesBuildPhase section */

/* Begin PBXShellScriptBuildPhase section */
		CF6568F5171782B700AE84AC /* ShellScript */ = {
			isa = PBXShellScriptBuildPhase;
			buildActionMask = 2147483647;
			files = (
			);
			inputPaths = (
			);
			outputPaths = (
			);
			runOnlyForDeploymentPostprocessing = 0;
			shellPath = /bin/sh;
			shellScript = "# Run the unit tests in this test bundle.\n\"${SYSTEM_DEVELOPER_DIR}/Tools/RunUnitTests\"\n";
		};
/* End PBXShellScriptBuildPhase section */

/* Begin PBXSourcesBuildPhase section */
		CF6568CC171782B700AE84AC /* Sources */ = {
			isa = PBXSourcesBuildPhase;
			buildActionMask = 2147483647;
			files = (
				CF6568E1171782B700AE84AC /* main.m in Sources */,
				CF6568E5171782B700AE84AC /* Pocket_RosterAppDelegate.m in Sources */,
				CF6568F1171782B700AE84AC /* Pocket_RosterViewController.m in Sources */,
				CF6569161717863100AE84AC /* FlickrPhotoTableViewController.m in Sources */,
				CF65691A1717870700AE84AC /* LatestFlickrPhotosTVC.m in Sources */,
				CF65691D171787DF00AE84AC /* AppDelegate.m in Sources */,
				CF656920171795E800AE84AC /* ImageViewController.m in Sources */,
				CF6569231717968500AE84AC /* AttributedStringViewController.m in Sources */,
				CF833B1D171E14430011DED3 /* FlickrFetcher.m in Sources */,
				CF833B28171ED4080011DED3 /* RosterViewController.m in Sources */,
				1EBB3DF9172256AD0032238C /* RosterTVC.m in Sources */,
				1EFF35BF1725EFFA003A5A1E /* RosterCell.m in Sources */,
			);
			runOnlyForDeploymentPostprocessing = 0;
		};
		CF6568F2171782B700AE84AC /* Sources */ = {
			isa = PBXSourcesBuildPhase;
			buildActionMask = 2147483647;
			files = (
				CF656906171782B700AE84AC /* Pocket_RosterTests.m in Sources */,
			);
			runOnlyForDeploymentPostprocessing = 0;
		};
/* End PBXSourcesBuildPhase section */

/* Begin PBXTargetDependency section */
		CF6568FD171782B700AE84AC /* PBXTargetDependency */ = {
			isa = PBXTargetDependency;
			target = CF6568CF171782B700AE84AC /* Pocket Roster */;
			targetProxy = CF6568FC171782B700AE84AC /* PBXContainerItemProxy */;
		};
/* End PBXTargetDependency section */

/* Begin PBXVariantGroup section */
		CF6568DD171782B700AE84AC /* InfoPlist.strings */ = {
			isa = PBXVariantGroup;
			children = (
				CF6568DE171782B700AE84AC /* en */,
			);
			name = InfoPlist.strings;
			sourceTree = "<group>";
		};
		CF6568EC171782B700AE84AC /* MainStoryboard.storyboard */ = {
			isa = PBXVariantGroup;
			children = (
				CF6568ED171782B700AE84AC /* en */,
			);
			name = MainStoryboard.storyboard;
			sourceTree = "<group>";
		};
		CF656901171782B700AE84AC /* InfoPlist.strings */ = {
			isa = PBXVariantGroup;
			children = (
				CF656902171782B700AE84AC /* en */,
			);
			name = InfoPlist.strings;
			sourceTree = "<group>";
		};
/* End PBXVariantGroup section */

/* Begin XCBuildConfiguration section */
		CF656907171782B700AE84AC /* Debug */ = {
			isa = XCBuildConfiguration;
			buildSettings = {
				ALWAYS_SEARCH_USER_PATHS = NO;
				CLANG_CXX_LANGUAGE_STANDARD = "gnu++0x";
				CLANG_CXX_LIBRARY = "libc++";
				CLANG_ENABLE_OBJC_ARC = YES;
				CLANG_WARN_EMPTY_BODY = YES;
				CLANG_WARN__DUPLICATE_METHOD_MATCH = YES;
				"CODE_SIGN_IDENTITY[sdk=iphoneos*]" = "iPhone Developer";
				COPY_PHASE_STRIP = NO;
				GCC_C_LANGUAGE_STANDARD = gnu99;
				GCC_DYNAMIC_NO_PIC = NO;
				GCC_OPTIMIZATION_LEVEL = 0;
				GCC_PREPROCESSOR_DEFINITIONS = (
					"DEBUG=1",
					"$(inherited)",
				);
				GCC_SYMBOLS_PRIVATE_EXTERN = NO;
				GCC_WARN_ABOUT_RETURN_TYPE = YES;
				GCC_WARN_UNINITIALIZED_AUTOS = YES;
				GCC_WARN_UNUSED_VARIABLE = YES;
				IPHONEOS_DEPLOYMENT_TARGET = 6.0;
				ONLY_ACTIVE_ARCH = YES;
				SDKROOT = iphoneos;
			};
			name = Debug;
		};
		CF656908171782B700AE84AC /* Release */ = {
			isa = XCBuildConfiguration;
			buildSettings = {
				ALWAYS_SEARCH_USER_PATHS = NO;
				CLANG_CXX_LANGUAGE_STANDARD = "gnu++0x";
				CLANG_CXX_LIBRARY = "libc++";
				CLANG_ENABLE_OBJC_ARC = YES;
				CLANG_WARN_EMPTY_BODY = YES;
				CLANG_WARN__DUPLICATE_METHOD_MATCH = YES;
				"CODE_SIGN_IDENTITY[sdk=iphoneos*]" = "iPhone Developer";
				COPY_PHASE_STRIP = YES;
				GCC_C_LANGUAGE_STANDARD = gnu99;
				GCC_WARN_ABOUT_RETURN_TYPE = YES;
				GCC_WARN_UNINITIALIZED_AUTOS = YES;
				GCC_WARN_UNUSED_VARIABLE = YES;
				IPHONEOS_DEPLOYMENT_TARGET = 6.0;
				OTHER_CFLAGS = "-DNS_BLOCK_ASSERTIONS=1";
				SDKROOT = iphoneos;
				VALIDATE_PRODUCT = YES;
			};
			name = Release;
		};
		CF65690A171782B700AE84AC /* Debug */ = {
			isa = XCBuildConfiguration;
			buildSettings = {
				GCC_PRECOMPILE_PREFIX_HEADER = YES;
				GCC_PREFIX_HEADER = "Pocket Roster/Pocket Roster-Prefix.pch";
				INFOPLIST_FILE = "Pocket Roster/Pocket Roster-Info.plist";
				PRODUCT_NAME = "$(TARGET_NAME)";
				WRAPPER_EXTENSION = app;
			};
			name = Debug;
		};
		CF65690B171782B700AE84AC /* Release */ = {
			isa = XCBuildConfiguration;
			buildSettings = {
				GCC_PRECOMPILE_PREFIX_HEADER = YES;
				GCC_PREFIX_HEADER = "Pocket Roster/Pocket Roster-Prefix.pch";
				INFOPLIST_FILE = "Pocket Roster/Pocket Roster-Info.plist";
				PRODUCT_NAME = "$(TARGET_NAME)";
				WRAPPER_EXTENSION = app;
			};
			name = Release;
		};
		CF65690D171782B700AE84AC /* Debug */ = {
			isa = XCBuildConfiguration;
			buildSettings = {
				BUNDLE_LOADER = "$(BUILT_PRODUCTS_DIR)/Pocket Roster.app/Pocket Roster";
				FRAMEWORK_SEARCH_PATHS = (
					"\"$(SDKROOT)/Developer/Library/Frameworks\"",
					"\"$(DEVELOPER_LIBRARY_DIR)/Frameworks\"",
				);
				GCC_PRECOMPILE_PREFIX_HEADER = YES;
				GCC_PREFIX_HEADER = "Pocket Roster/Pocket Roster-Prefix.pch";
				INFOPLIST_FILE = "Pocket RosterTests/Pocket RosterTests-Info.plist";
				PRODUCT_NAME = "$(TARGET_NAME)";
				TEST_HOST = "$(BUNDLE_LOADER)";
				WRAPPER_EXTENSION = octest;
			};
			name = Debug;
		};
		CF65690E171782B700AE84AC /* Release */ = {
			isa = XCBuildConfiguration;
			buildSettings = {
				BUNDLE_LOADER = "$(BUILT_PRODUCTS_DIR)/Pocket Roster.app/Pocket Roster";
				FRAMEWORK_SEARCH_PATHS = (
					"\"$(SDKROOT)/Developer/Library/Frameworks\"",
					"\"$(DEVELOPER_LIBRARY_DIR)/Frameworks\"",
				);
				GCC_PRECOMPILE_PREFIX_HEADER = YES;
				GCC_PREFIX_HEADER = "Pocket Roster/Pocket Roster-Prefix.pch";
				INFOPLIST_FILE = "Pocket RosterTests/Pocket RosterTests-Info.plist";
				PRODUCT_NAME = "$(TARGET_NAME)";
				TEST_HOST = "$(BUNDLE_LOADER)";
				WRAPPER_EXTENSION = octest;
			};
			name = Release;
		};
/* End XCBuildConfiguration section */

/* Begin XCConfigurationList section */
		CF6568CA171782B700AE84AC /* Build configuration list for PBXProject "Pocket Roster" */ = {
			isa = XCConfigurationList;
			buildConfigurations = (
				CF656907171782B700AE84AC /* Debug */,
				CF656908171782B700AE84AC /* Release */,
			);
			defaultConfigurationIsVisible = 0;
			defaultConfigurationName = Release;
		};
		CF656909171782B700AE84AC /* Build configuration list for PBXNativeTarget "Pocket Roster" */ = {
			isa = XCConfigurationList;
			buildConfigurations = (
				CF65690A171782B700AE84AC /* Debug */,
				CF65690B171782B700AE84AC /* Release */,
			);
			defaultConfigurationIsVisible = 0;
			defaultConfigurationName = Release;
		};
		CF65690C171782B700AE84AC /* Build configuration list for PBXNativeTarget "Pocket RosterTests" */ = {
			isa = XCConfigurationList;
			buildConfigurations = (
				CF65690D171782B700AE84AC /* Debug */,
				CF65690E171782B700AE84AC /* Release */,
			);
			defaultConfigurationIsVisible = 0;
			defaultConfigurationName = Release;
		};
/* End XCConfigurationList section */
	};
	rootObject = CF6568C7171782B700AE84AC /* Project object */;
}
